
Microsoft Visual Studio Solution File, Format Version 12.00
# Visual Studio Version 17
VisualStudioVersion = 17.9.34622.214
MinimumVisualStudioVersion = 10.0.40219.1
Project("{FAE04EC0-301F-11D3-BF4B-00C04F79EFBC}") = "Rpg - Fiap", "Rpg - Fiap.csproj", "{7964D049-EE33-4541-8A07-943B91DB11A7}"
EndProject
Global
	GlobalSection(SolutionConfigurationPlatforms) = preSolution
		Debug|Any CPU = Debug|Any CPU
		Release|Any CPU = Release|Any CPU
	EndGlobalSection
	GlobalSection(ProjectConfigurationPlatforms) = postSolution
		{7964D049-EE33-4541-8A07-943B91DB11A7}.Debug|Any CPU.ActiveCfg = Debug|Any CPU
		{7964D049-EE33-4541-8A07-943B91DB11A7}.Debug|Any CPU.Build.0 = Debug|Any CPU
		{7964D049-EE33-4541-8A07-943B91DB11A7}.Release|Any CPU.ActiveCfg = Release|Any CPU
		{7964D049-EE33-4541-8A07-943B91DB11A7}.Release|Any CPU.Build.0 = Release|Any CPU
	EndGlobalSection
	GlobalSection(SolutionProperties) = preSolution
		HideSolutionNode = FALSE
	EndGlobalSection
	GlobalSection(ExtensibilityGlobals) = postSolution
		SolutionGuid = {329DD283-8658-4D1C-9E8F-8D573560ECE3}
	EndGlobalSection
EndGlobal
